// !$*UTF8*$!
{
	archiveVersion = 1;
	classes = {
	};
	objectVersion = 56;
	objects = {

	/* Begin PBXBuildFile section */
		2C7786BC9F2734467078F1D0 /* MarkdownRendererApp.swift in Sources */ = {isa = PBXBuildFile; fileRef = E7E72F802CC8665547A3D246 /* MarkdownRendererApp.swift */; };
		6B0685FD715B0CAA3534F02C /* AppDelegate.swift in Sources */ = {isa = PBXBuildFile; fileRef = 45CF0FEF45048DE17E1F2C40 /* AppDelegate.swift */; };
		9851C00618CBC110ACCAFB34 /* MarkdownDocument.swift in Sources */ = {isa = PBXBuildFile; fileRef = 5A6C8914635F26F1225C25A7 /* MarkdownDocument.swift */; };
		6110C02E57092ABDD373C63D /* LayoutCoordinator.swift in Sources */ = {isa = PBXBuildFile; fileRef = 45C28791C3750A693C2CA631 /* LayoutCoordinator.swift */; };
		E5461BD97CF8CB461BCC403B /* DocumentSceneView.swift in Sources */ = {isa = PBXBuildFile; fileRef = 5A109144AD77A6E448C8BBD0 /* DocumentSceneView.swift */; };
		D38BC1ECACDE186EEC05142B /* DraftStore.swift in Sources */ = {isa = PBXBuildFile; fileRef = C00C31F91AFCFF96D456E600 /* DraftStore.swift */; };
		FC606B8E4073A0BAE53B55D3 /* FileSystemWatcher.swift in Sources */ = {isa = PBXBuildFile; fileRef = 8C3530E73D4FA859C8D1B5F4 /* FileSystemWatcher.swift */; };
		7B3773BD0240A6C6E8B82331 /* OutlineParser.swift in Sources */ = {isa = PBXBuildFile; fileRef = BD17C138A13B0AC3121BD14D /* OutlineParser.swift */; };
		14981902C4522B3ACED6A07E /* WorkspaceCoordinator.swift in Sources */ = {isa = PBXBuildFile; fileRef = 916E7218284AA167266C1FD9 /* WorkspaceCoordinator.swift */; };
		6F5AF201E39945AB83DDA01D /* SidebarView.swift in Sources */ = {isa = PBXBuildFile; fileRef = 7C6940310779B3079851030A /* SidebarView.swift */; };
		660732726E69AEFCA9E02FA9 /* MarkdownRendererCommands.swift in Sources */ = {isa = PBXBuildFile; fileRef = DD474CA7CDE9012A9002E12E /* MarkdownRendererCommands.swift */; };
		659654B004A5A71B8B7988E6 /* EditorTextView.swift in Sources */ = {isa = PBXBuildFile; fileRef = 761B1986F101AD61FA2B405D /* EditorTextView.swift */; };
		A4F385071E56BB7EE7E40BB9 /* PreviewWebView.swift in Sources */ = {isa = PBXBuildFile; fileRef = 5D468FFAA42A55CCD300A204 /* PreviewWebView.swift */; };
		E1F5FCEF802235C82C244F21 /* MarkdownHTMLRenderer.swift in Sources */ = {isa = PBXBuildFile; fileRef = 43EE0547700C3F33AEFB87A8 /* MarkdownHTMLRenderer.swift */; };
		0CBDB8751B2BCBA29F285EDD /* WebKit.framework in Frameworks */ = {isa = PBXBuildFile; fileRef = 2F17D93F2DFBE53B8DAE982D /* WebKit.framework */; };
		16588B38D106B2CDA8CDAF1A /* markdown-it.14.1.0.min.js in Resources */ = {isa = PBXBuildFile; fileRef = F1D69AAE937EDD48AA13E3CB /* markdown-it.14.1.0.min.js */; };
		9D12DDAD020D6CD3AD3A0A9E /* markdown-it-task-lists.2.1.1.min.js in Resources */ = {isa = PBXBuildFile; fileRef = 8A20D8A8D312724596E3749C /* markdown-it-task-lists.2.1.1.min.js */; };
		B1D308B51B435317A07603B5 /* markdown-it-anchor.9.2.0.min.js in Resources */ = {isa = PBXBuildFile; fileRef = D753D11635A25F6EA8686AA5 /* markdown-it-anchor.9.2.0.min.js */; };
		0C87888F98F9AF45926F7258 /* dompurify.3.3.1.min.js in Resources */ = {isa = PBXBuildFile; fileRef = 361A0CDF41AE3EF799B049E2 /* dompurify.3.3.1.min.js */; };
		638FA0DCA90B58ED20D72807 /* prism-core.1.30.0.min.js in Resources */ = {isa = PBXBuildFile; fileRef = E7B90C7973A4AFF08F6E7BC2 /* prism-core.1.30.0.min.js */; };
		9157CA50E1A93D6613A5E02B /* prism-clike.1.30.0.min.js in Resources */ = {isa = PBXBuildFile; fileRef = 5B1A8B3E6851F1BBB3C9BA11 /* prism-clike.1.30.0.min.js */; };
		8BBF9D5CB04322162230D831 /* prism-javascript.1.30.0.min.js in Resources */ = {isa = PBXBuildFile; fileRef = 51010A356466D664CED66595 /* prism-javascript.1.30.0.min.js */; };
		605219774F91107DC36616B7 /* prism-typescript.1.30.0.min.js in Resources */ = {isa = PBXBuildFile; fileRef = 9C8317D4976CB8034E25643E /* prism-typescript.1.30.0.min.js */; };
		7AFBE8241CC3534C953B2568 /* prism-json.1.30.0.min.js in Resources */ = {isa = PBXBuildFile; fileRef = B958AD13459B0E9626C149FE /* prism-json.1.30.0.min.js */; };
		669D342484A780BF52DD192A /* prism-bash.1.30.0.min.js in Resources */ = {isa = PBXBuildFile; fileRef = CDB4AB469E0F6273A1258727 /* prism-bash.1.30.0.min.js */; };
		7732AF2D4C2FA84BA371ADB9 /* prism-python.1.30.0.min.js in Resources */ = {isa = PBXBuildFile; fileRef = 4A9CF18F99BC8E830C05E3D8 /* prism-python.1.30.0.min.js */; };
		E4EEF989C0D68895569A70EA /* prism-swift.1.30.0.min.js in Resources */ = {isa = PBXBuildFile; fileRef = 4A82B88876ABFA3B6DE2EE2C /* prism-swift.1.30.0.min.js */; };
		493E7E924EF2757ADA6B3415 /* prism-theme.1.30.0.min.css in Resources */ = {isa = PBXBuildFile; fileRef = A48BB190F03B33B81B51853F /* prism-theme.1.30.0.min.css */; };
	/* End PBXBuildFile section */

	/* Begin PBXFileReference section */
		9DEB48874660FFCD5F54475F /* Info.plist */ = {isa = PBXFileReference; lastKnownFileType = text.plist.xml; path = Info.plist; sourceTree = "<group>"; };
		E7E72F802CC8665547A3D246 /* MarkdownRendererApp.swift */ = {isa = PBXFileReference; lastKnownFileType = sourcecode.swift; path = MarkdownRendererApp.swift; sourceTree = "<group>"; };
		45CF0FEF45048DE17E1F2C40 /* AppDelegate.swift */ = {isa = PBXFileReference; lastKnownFileType = sourcecode.swift; path = AppDelegate.swift; sourceTree = "<group>"; };
		5A6C8914635F26F1225C25A7 /* MarkdownDocument.swift */ = {isa = PBXFileReference; lastKnownFileType = sourcecode.swift; path = MarkdownDocument.swift; sourceTree = "<group>"; };
		45C28791C3750A693C2CA631 /* LayoutCoordinator.swift */ = {isa = PBXFileReference; lastKnownFileType = sourcecode.swift; path = LayoutCoordinator.swift; sourceTree = "<group>"; };
		5A109144AD77A6E448C8BBD0 /* DocumentSceneView.swift */ = {isa = PBXFileReference; lastKnownFileType = sourcecode.swift; path = DocumentSceneView.swift; sourceTree = "<group>"; };
		C00C31F91AFCFF96D456E600 /* DraftStore.swift */ = {isa = PBXFileReference; lastKnownFileType = sourcecode.swift; path = DraftStore.swift; sourceTree = "<group>"; };
		8C3530E73D4FA859C8D1B5F4 /* FileSystemWatcher.swift */ = {isa = PBXFileReference; lastKnownFileType = sourcecode.swift; path = FileSystemWatcher.swift; sourceTree = "<group>"; };
		BD17C138A13B0AC3121BD14D /* OutlineParser.swift */ = {isa = PBXFileReference; lastKnownFileType = sourcecode.swift; path = OutlineParser.swift; sourceTree = "<group>"; };
		916E7218284AA167266C1FD9 /* WorkspaceCoordinator.swift */ = {isa = PBXFileReference; lastKnownFileType = sourcecode.swift; path = WorkspaceCoordinator.swift; sourceTree = "<group>"; };
		7C6940310779B3079851030A /* SidebarView.swift */ = {isa = PBXFileReference; lastKnownFileType = sourcecode.swift; path = SidebarView.swift; sourceTree = "<group>"; };
		DD474CA7CDE9012A9002E12E /* MarkdownRendererCommands.swift */ = {isa = PBXFileReference; lastKnownFileType = sourcecode.swift; path = MarkdownRendererCommands.swift; sourceTree = "<group>"; };
		761B1986F101AD61FA2B405D /* EditorTextView.swift */ = {isa = PBXFileReference; lastKnownFileType = sourcecode.swift; path = EditorTextView.swift; sourceTree = "<group>"; };
		5D468FFAA42A55CCD300A204 /* PreviewWebView.swift */ = {isa = PBXFileReference; lastKnownFileType = sourcecode.swift; path = PreviewWebView.swift; sourceTree = "<group>"; };
		43EE0547700C3F33AEFB87A8 /* MarkdownHTMLRenderer.swift */ = {isa = PBXFileReference; lastKnownFileType = sourcecode.swift; path = MarkdownHTMLRenderer.swift; sourceTree = "<group>"; };
		2F17D93F2DFBE53B8DAE982D /* WebKit.framework */ = {isa = PBXFileReference; lastKnownFileType = wrapper.framework; name = WebKit.framework; path = System/Library/Frameworks/WebKit.framework; sourceTree = SDKROOT; };
		CA2E1ABB98B6677AC0DD80C9 /* MarkdownRenderer.app */ = {isa = PBXFileReference; explicitFileType = wrapper.application; includeInIndex = 0; path = MarkdownRenderer.app; sourceTree = BUILT_PRODUCTS_DIR; };
		F1D69AAE937EDD48AA13E3CB /* markdown-it.14.1.0.min.js */ = {isa = PBXFileReference; lastKnownFileType = sourcecode.javascript; path = "markdown-it.14.1.0.min.js"; sourceTree = "<group>"; };
		8A20D8A8D312724596E3749C /* markdown-it-task-lists.2.1.1.min.js */ = {isa = PBXFileReference; lastKnownFileType = sourcecode.javascript; path = "markdown-it-task-lists.2.1.1.min.js"; sourceTree = "<group>"; };
		D753D11635A25F6EA8686AA5 /* markdown-it-anchor.9.2.0.min.js */ = {isa = PBXFileReference; lastKnownFileType = sourcecode.javascript; path = "markdown-it-anchor.9.2.0.min.js"; sourceTree = "<group>"; };
		361A0CDF41AE3EF799B049E2 /* dompurify.3.3.1.min.js */ = {isa = PBXFileReference; lastKnownFileType = sourcecode.javascript; path = "dompurify.3.3.1.min.js"; sourceTree = "<group>"; };
		E7B90C7973A4AFF08F6E7BC2 /* prism-core.1.30.0.min.js */ = {isa = PBXFileReference; lastKnownFileType = sourcecode.javascript; path = "prism-core.1.30.0.min.js"; sourceTree = "<group>"; };
		5B1A8B3E6851F1BBB3C9BA11 /* prism-clike.1.30.0.min.js */ = {isa = PBXFileReference; lastKnownFileType = sourcecode.javascript; path = "prism-clike.1.30.0.min.js"; sourceTree = "<group>"; };
		51010A356466D664CED66595 /* prism-javascript.1.30.0.min.js */ = {isa = PBXFileReference; lastKnownFileType = sourcecode.javascript; path = "prism-javascript.1.30.0.min.js"; sourceTree = "<group>"; };
		9C8317D4976CB8034E25643E /* prism-typescript.1.30.0.min.js */ = {isa = PBXFileReference; lastKnownFileType = sourcecode.javascript; path = "prism-typescript.1.30.0.min.js"; sourceTree = "<group>"; };
		B958AD13459B0E9626C149FE /* prism-json.1.30.0.min.js */ = {isa = PBXFileReference; lastKnownFileType = sourcecode.javascript; path = "prism-json.1.30.0.min.js"; sourceTree = "<group>"; };
		CDB4AB469E0F6273A1258727 /* prism-bash.1.30.0.min.js */ = {isa = PBXFileReference; lastKnownFileType = sourcecode.javascript; path = "prism-bash.1.30.0.min.js"; sourceTree = "<group>"; };
		4A9CF18F99BC8E830C05E3D8 /* prism-python.1.30.0.min.js */ = {isa = PBXFileReference; lastKnownFileType = sourcecode.javascript; path = "prism-python.1.30.0.min.js"; sourceTree = "<group>"; };
		4A82B88876ABFA3B6DE2EE2C /* prism-swift.1.30.0.min.js */ = {isa = PBXFileReference; lastKnownFileType = sourcecode.javascript; path = "prism-swift.1.30.0.min.js"; sourceTree = "<group>"; };
		A48BB190F03B33B81B51853F /* prism-theme.1.30.0.min.css */ = {isa = PBXFileReference; lastKnownFileType = text.css; path = "prism-theme.1.30.0.min.css"; sourceTree = "<group>"; };
	/* End PBXFileReference section */

/* Begin PBXFrameworksBuildPhase section */
		5FF71FFD9E0822DA836E03F7 /* Frameworks */ = {
			isa = PBXFrameworksBuildPhase;
			buildActionMask = 2147483647;
			files = (
				0CBDB8751B2BCBA29F285EDD /* WebKit.framework in Frameworks */,
			);
			runOnlyForDeploymentPostprocessing = 0;
		};
/* End PBXFrameworksBuildPhase section */

	/* Begin PBXGroup section */
		9983AC0EC6BC54806C82342B = {
			isa = PBXGroup;
			children = (
				AC688EA62ACF4AEE6615D6B1 /* MarkdownRenderer */,
				5158AF9265196220F81A48A5 /* Frameworks */,
				20EFCD821047114C247AC370 /* Products */,
			);
			sourceTree = "<group>";
		};
		AC688EA62ACF4AEE6615D6B1 /* MarkdownRenderer */ = {
			isa = PBXGroup;
			children = (
				9DEB48874660FFCD5F54475F /* Info.plist */,
				E7E72F802CC8665547A3D246 /* MarkdownRendererApp.swift */,
				45CF0FEF45048DE17E1F2C40 /* AppDelegate.swift */,
				5A6C8914635F26F1225C25A7 /* MarkdownDocument.swift */,
				45C28791C3750A693C2CA631 /* LayoutCoordinator.swift */,
				5A109144AD77A6E448C8BBD0 /* DocumentSceneView.swift */,
				5F9450EC1B74652BE837D064 /* Drafts */,
				1838FC93F98741094F00DC32 /* Watchers */,
				BD17C138A13B0AC3121BD14D /* OutlineParser.swift */,
				916E7218284AA167266C1FD9 /* WorkspaceCoordinator.swift */,
				7C6940310779B3079851030A /* SidebarView.swift */,
				97D40314BEB8CF965E8C457C /* Commands */,
				114B336A33050D115B7CD732 /* Editor */,
				C00FEEB2F358B1A27E17F6CD /* Preview */,
			);
			path = MarkdownRenderer;
			sourceTree = "<group>";
		};
		5F9450EC1B74652BE837D064 /* Drafts */ = {
			isa = PBXGroup;
			children = (
				C00C31F91AFCFF96D456E600 /* DraftStore.swift */,
			);
			path = Drafts;
			sourceTree = "<group>";
		};
		1838FC93F98741094F00DC32 /* Watchers */ = {
			isa = PBXGroup;
			children = (
				8C3530E73D4FA859C8D1B5F4 /* FileSystemWatcher.swift */,
			);
			path = Watchers;
			sourceTree = "<group>";
		};
		97D40314BEB8CF965E8C457C /* Commands */ = {
			isa = PBXGroup;
			children = (
				DD474CA7CDE9012A9002E12E /* MarkdownRendererCommands.swift */,
			);
			path = Commands;
			sourceTree = "<group>";
		};
		114B336A33050D115B7CD732 /* Editor */ = {
			isa = PBXGroup;
			children = (
				761B1986F101AD61FA2B405D /* EditorTextView.swift */,
			);
			path = Editor;
			sourceTree = "<group>";
		};
		C00FEEB2F358B1A27E17F6CD /* Preview */ = {
			isa = PBXGroup;
			children = (
				B55064C5CED00D6879367AE6 /* Assets */,
				5D468FFAA42A55CCD300A204 /* PreviewWebView.swift */,
				43EE0547700C3F33AEFB87A8 /* MarkdownHTMLRenderer.swift */,
			);
			path = Preview;
			sourceTree = "<group>";
		};
		B55064C5CED00D6879367AE6 /* Assets */ = {
			isa = PBXGroup;
			children = (
				F1D69AAE937EDD48AA13E3CB /* markdown-it.14.1.0.min.js */,
				8A20D8A8D312724596E3749C /* markdown-it-task-lists.2.1.1.min.js */,
				D753D11635A25F6EA8686AA5 /* markdown-it-anchor.9.2.0.min.js */,
				361A0CDF41AE3EF799B049E2 /* dompurify.3.3.1.min.js */,
				E7B90C7973A4AFF08F6E7BC2 /* prism-core.1.30.0.min.js */,
				5B1A8B3E6851F1BBB3C9BA11 /* prism-clike.1.30.0.min.js */,
				51010A356466D664CED66595 /* prism-javascript.1.30.0.min.js */,
				9C8317D4976CB8034E25643E /* prism-typescript.1.30.0.min.js */,
				B958AD13459B0E9626C149FE /* prism-json.1.30.0.min.js */,
				CDB4AB469E0F6273A1258727 /* prism-bash.1.30.0.min.js */,
				4A9CF18F99BC8E830C05E3D8 /* prism-python.1.30.0.min.js */,
				4A82B88876ABFA3B6DE2EE2C /* prism-swift.1.30.0.min.js */,
				A48BB190F03B33B81B51853F /* prism-theme.1.30.0.min.css */,
			);
			path = Assets;
			sourceTree = "<group>";
		};
		5158AF9265196220F81A48A5 /* Frameworks */ = {
			isa = PBXGroup;
			children = (
				2F17D93F2DFBE53B8DAE982D /* WebKit.framework */,
			);
			name = Frameworks;
			sourceTree = "<group>";
		};
		20EFCD821047114C247AC370 /* Products */ = {
			isa = PBXGroup;
			children = (
				CA2E1ABB98B6677AC0DD80C9 /* MarkdownRenderer.app */,
			);
			name = Products;
			sourceTree = "<group>";
		};
/* End PBXGroup section */

/* Begin PBXNativeTarget section */
		1B50DD4DE6DEA976B84AA2BB /* MarkdownRenderer */ = {
			isa = PBXNativeTarget;
			buildConfigurationList = 070AA5A37F146351E2BE5930 /* Build configuration list for PBXNativeTarget "MarkdownRenderer" */;
			buildPhases = (
				BC38FC72948D98026F48B2E8 /* Sources */,
				5FF71FFD9E0822DA836E03F7 /* Frameworks */,
				0F3467201A56FD4B744DE337 /* Resources */,
			);
			buildRules = (
			);
			dependencies = (
			);
			name = MarkdownRenderer;
			productName = MarkdownRenderer;
			productReference = CA2E1ABB98B6677AC0DD80C9 /* MarkdownRenderer.app */;
			productType = "com.apple.product-type.application";
		};
/* End PBXNativeTarget section */

/* Begin PBXProject section */
		A5388C0E36ADFBC11CC91913 /* Project object */ = {
			isa = PBXProject;
			attributes = {
				LastUpgradeCheck = 2620;
			};
			buildConfigurationList = 3293FBD0926266784237FBF9 /* Build configuration list for PBXProject "MarkdownRenderer" */;
			compatibilityVersion = "Xcode 14.0";
			developmentRegion = en;
			hasScannedForEncodings = 0;
			knownRegions = (
				en,
				Base,
			);
			mainGroup = 9983AC0EC6BC54806C82342B;
			productRefGroup = 20EFCD821047114C247AC370 /* Products */;
			projectDirPath = "";
			projectRoot = "";
			targets = (
				1B50DD4DE6DEA976B84AA2BB /* MarkdownRenderer */,
			);
		};
/* End PBXProject section */

	/* Begin PBXResourcesBuildPhase section */
		0F3467201A56FD4B744DE337 /* Resources */ = {
			isa = PBXResourcesBuildPhase;
			buildActionMask = 2147483647;
			files = (
				16588B38D106B2CDA8CDAF1A /* markdown-it.14.1.0.min.js in Resources */,
				9D12DDAD020D6CD3AD3A0A9E /* markdown-it-task-lists.2.1.1.min.js in Resources */,
				B1D308B51B435317A07603B5 /* markdown-it-anchor.9.2.0.min.js in Resources */,
				0C87888F98F9AF45926F7258 /* dompurify.3.3.1.min.js in Resources */,
				638FA0DCA90B58ED20D72807 /* prism-core.1.30.0.min.js in Resources */,
				9157CA50E1A93D6613A5E02B /* prism-clike.1.30.0.min.js in Resources */,
				8BBF9D5CB04322162230D831 /* prism-javascript.1.30.0.min.js in Resources */,
				605219774F91107DC36616B7 /* prism-typescript.1.30.0.min.js in Resources */,
				7AFBE8241CC3534C953B2568 /* prism-json.1.30.0.min.js in Resources */,
				669D342484A780BF52DD192A /* prism-bash.1.30.0.min.js in Resources */,
				7732AF2D4C2FA84BA371ADB9 /* prism-python.1.30.0.min.js in Resources */,
				E4EEF989C0D68895569A70EA /* prism-swift.1.30.0.min.js in Resources */,
				493E7E924EF2757ADA6B3415 /* prism-theme.1.30.0.min.css in Resources */,
			);
			runOnlyForDeploymentPostprocessing = 0;
		};
	/* End PBXResourcesBuildPhase section */

	/* Begin PBXSourcesBuildPhase section */
		BC38FC72948D98026F48B2E8 /* Sources */ = {
			isa = PBXSourcesBuildPhase;
			buildActionMask = 2147483647;
			files = (
				2C7786BC9F2734467078F1D0 /* MarkdownRendererApp.swift in Sources */,
				6B0685FD715B0CAA3534F02C /* AppDelegate.swift in Sources */,
				9851C00618CBC110ACCAFB34 /* MarkdownDocument.swift in Sources */,
				6110C02E57092ABDD373C63D /* LayoutCoordinator.swift in Sources */,
				E5461BD97CF8CB461BCC403B /* DocumentSceneView.swift in Sources */,
				D38BC1ECACDE186EEC05142B /* DraftStore.swift in Sources */,
				FC606B8E4073A0BAE53B55D3 /* FileSystemWatcher.swift in Sources */,
				7B3773BD0240A6C6E8B82331 /* OutlineParser.swift in Sources */,
				14981902C4522B3ACED6A07E /* WorkspaceCoordinator.swift in Sources */,
				6F5AF201E39945AB83DDA01D /* SidebarView.swift in Sources */,
				660732726E69AEFCA9E02FA9 /* MarkdownRendererCommands.swift in Sources */,
				659654B004A5A71B8B7988E6 /* EditorTextView.swift in Sources */,
				A4F385071E56BB7EE7E40BB9 /* PreviewWebView.swift in Sources */,
				E1F5FCEF802235C82C244F21 /* MarkdownHTMLRenderer.swift in Sources */,
			);
			runOnlyForDeploymentPostprocessing = 0;
		};
	/* End PBXSourcesBuildPhase section */

/* Begin XCBuildConfiguration section */
		05D0BF9469200D4BFA118748 /* Debug */ = {
			isa = XCBuildConfiguration;
			buildSettings = {
				CODE_SIGN_STYLE = Automatic;
				DEBUG_INFORMATION_FORMAT = dwarf;
				ENABLE_TESTABILITY = YES;
				MACOSX_DEPLOYMENT_TARGET = 15.0;
				SDKROOT = macosx;
				SWIFT_VERSION = 6.0;
			};
			name = Debug;
		};
		88B40F70EBB0319F4DF94922 /* Release */ = {
			isa = XCBuildConfiguration;
			buildSettings = {
				CODE_SIGN_STYLE = Automatic;
				DEBUG_INFORMATION_FORMAT = dwarf-with-dsym;
				MACOSX_DEPLOYMENT_TARGET = 15.0;
				SDKROOT = macosx;
				SWIFT_VERSION = 6.0;
			};
			name = Release;
		};
		9788EDC2AEEE725191E9562D /* Debug */ = {
			isa = XCBuildConfiguration;
			buildSettings = {
				ALWAYS_SEARCH_USER_PATHS = NO;
				ASSETCATALOG_COMPILER_APPICON_NAME = "";
				CODE_SIGN_STYLE = Automatic;
				CURRENT_PROJECT_VERSION = 1;
				ENABLE_HARDENED_RUNTIME = YES;
				GENERATE_INFOPLIST_FILE = NO;
				INFOPLIST_FILE = MarkdownRenderer/Info.plist;
				LD_RUNPATH_SEARCH_PATHS = (
					"$(inherited)",
					"@executable_path/../Frameworks",
				);
				MACOSX_DEPLOYMENT_TARGET = 15.0;
				MARKETING_VERSION = 0.1.0;
				PRODUCT_BUNDLE_IDENTIFIER = com.briandai.MarkdownRenderer;
				PRODUCT_NAME = "$(TARGET_NAME)";
				SWIFT_VERSION = 6.0;
			};
			name = Debug;
		};
		0DEC2A79592D594F6C352CF9 /* Release */ = {
			isa = XCBuildConfiguration;
			buildSettings = {
				ALWAYS_SEARCH_USER_PATHS = NO;
				ASSETCATALOG_COMPILER_APPICON_NAME = "";
				CODE_SIGN_STYLE = Automatic;
				CURRENT_PROJECT_VERSION = 1;
				ENABLE_HARDENED_RUNTIME = YES;
				GENERATE_INFOPLIST_FILE = NO;
				INFOPLIST_FILE = MarkdownRenderer/Info.plist;
				LD_RUNPATH_SEARCH_PATHS = (
					"$(inherited)",
					"@executable_path/../Frameworks",
				);
				MACOSX_DEPLOYMENT_TARGET = 15.0;
				MARKETING_VERSION = 0.1.0;
				PRODUCT_BUNDLE_IDENTIFIER = com.briandai.MarkdownRenderer;
				PRODUCT_NAME = "$(TARGET_NAME)";
				SWIFT_VERSION = 6.0;
			};
			name = Release;
		};
/* End XCBuildConfiguration section */

/* Begin XCConfigurationList section */
		3293FBD0926266784237FBF9 /* Build configuration list for PBXProject "MarkdownRenderer" */ = {
			isa = XCConfigurationList;
			buildConfigurations = (
				05D0BF9469200D4BFA118748 /* Debug */,
				88B40F70EBB0319F4DF94922 /* Release */,
			);
			defaultConfigurationIsVisible = 0;
			defaultConfigurationName = Release;
		};
		070AA5A37F146351E2BE5930 /* Build configuration list for PBXNativeTarget "MarkdownRenderer" */ = {
			isa = XCConfigurationList;
			buildConfigurations = (
				9788EDC2AEEE725191E9562D /* Debug */,
				0DEC2A79592D594F6C352CF9 /* Release */,
			);
			defaultConfigurationIsVisible = 0;
			defaultConfigurationName = Release;
		};
/* End XCConfigurationList section */
	};
	rootObject = A5388C0E36ADFBC11CC91913 /* Project object */;
}
